<Solution>
    <Configurations>
        <Platform Name="Any CPU" />
    </Configurations>

    <Folder Name="/src/">
        <Project Path="src/XYPortal.PasswordBook.Domain.Shared/XYPortal.PasswordBook.Domain.Shared.csproj" />
        <Project Path="src/XYPortal.PasswordBook.Domain/XYPortal.PasswordBook.Domain.csproj" />
        <Project Path="src/XYPortal.PasswordBook.Application.Contracts/XYPortal.PasswordBook.Application.Contracts.csproj" />
        <Project Path="src/XYPortal.PasswordBook.Application/XYPortal.PasswordBook.Application.csproj" />
        <Project Path="src/XYPortal.PasswordBook.EntityFrameworkCore/XYPortal.PasswordBook.EntityFrameworkCore.csproj" />
        <Project Path="src/XYPortal.PasswordBook.HttpApi/XYPortal.PasswordBook.HttpApi.csproj" />
        <Project Path="src/XYPortal.PasswordBook.HttpApi.Client/XYPortal.PasswordBook.HttpApi.Client.csproj" />
        <Project Path="src/XYPortal.PasswordBook.Web/XYPortal.PasswordBook.Web.csproj" />
        <Project Path="src/XYPortal.PasswordBook.Installer/XYPortal.PasswordBook.Installer.csproj" />
    </Folder>
    
    <Folder Name="/test/">
        <Project Path="test/XYPortal.PasswordBook.TestBase/XYPortal.PasswordBook.TestBase.csproj" />
        <Project Path="test/XYPortal.PasswordBook.EntityFrameworkCore.Tests/XYPortal.PasswordBook.EntityFrameworkCore.Tests.csproj" />
        <Project Path="test/XYPortal.PasswordBook.Domain.Tests/XYPortal.PasswordBook.Domain.Tests.csproj" />
        <Project Path="test/XYPortal.PasswordBook.Application.Tests/XYPortal.PasswordBook.Application.Tests.csproj" />
    </Folder>
</Solution>
