<Solution>
  <Folder Name="/src/">
    <Project Path="src/XYPortal.Application.Contracts/XYPortal.Application.Contracts.csproj" />
    <Project Path="src/XYPortal.Application/XYPortal.Application.csproj" />
    <Project Path="src/XYPortal.AuthServer/XYPortal.AuthServer.csproj" />
    <Project Path="src/XYPortal.DbMigrator/XYPortal.DbMigrator.csproj" />
    <Project Path="src/XYPortal.Domain.Shared/XYPortal.Domain.Shared.csproj" />
    <Project Path="src/XYPortal.Domain/XYPortal.Domain.csproj" />
    <Project Path="src/XYPortal.EntityFrameworkCore/XYPortal.EntityFrameworkCore.csproj" />
    <Project Path="src/XYPortal.HttpApi.Client/XYPortal.HttpApi.Client.csproj" />
    <Project Path="src/XYPortal.HttpApi.Host/XYPortal.HttpApi.Host.csproj" />
    <Project Path="src/XYPortal.HttpApi/XYPortal.HttpApi.csproj" />
    <Project Path="src/XYPortal.Web.Host/XYPortal.Web.Host.csproj" />
    <Project Path="src/XYPortal.Web/XYPortal.Web.csproj" />
  </Folder>
  <Folder Name="/test/">
    <Project Path="test/XYPortal.Application.Tests/XYPortal.Application.Tests.csproj" />
    <Project Path="test/XYPortal.Domain.Tests/XYPortal.Domain.Tests.csproj" />
    <Project Path="test/XYPortal.EntityFrameworkCore.Tests/XYPortal.EntityFrameworkCore.Tests.csproj" />
    <Project Path="test/XYPortal.TestBase/XYPortal.TestBase.csproj" />
  </Folder>
</Solution>
